// !$*UTF8*$!
{
	archiveVersion = 1;
	classes = {
	};
	objectVersion = 46;
	objects = {

/* Begin PBXBuildFile section */
		207E19691D786BCB00C5D03B /* main.m in Sources */ = {isa = PBXBuildFile; fileRef = 207E19681D786BCB00C5D03B /* main.m */; };
		207E196C1D786BCB00C5D03B /* AppDelegate.m in Sources */ = {isa = PBXBuildFile; fileRef = 207E196B1D786BCB00C5D03B /* AppDelegate.m */; };
		207E196F1D786BCB00C5D03B /* ViewController.m in Sources */ = {isa = PBXBuildFile; fileRef = 207E196E1D786BCB00C5D03B /* ViewController.m */; };
		207E19721D786BCB00C5D03B /* Main.storyboard in Resources */ = {isa = PBXBuildFile; fileRef = 207E19701D786BCB00C5D03B /* Main.storyboard */; };
		207E19741D786BCB00C5D03B /* Assets.xcassets in Resources */ = {isa = PBXBuildFile; fileRef = 207E19731D786BCB00C5D03B /* Assets.xcassets */; };
		207E19771D786BCB00C5D03B /* LaunchScreen.storyboard in Resources */ = {isa = PBXBuildFile; fileRef = 207E19751D786BCB00C5D03B /* LaunchScreen.storyboard */; };
		207E198C1D786C2300C5D03B /* AFHTTPSessionManager.m in Sources */ = {isa = PBXBuildFile; fileRef = 207E19801D786C2300C5D03B /* AFHTTPSessionManager.m */; };
		207E198D1D786C2300C5D03B /* AFNetworkReachabilityManager.m in Sources */ = {isa = PBXBuildFile; fileRef = 207E19831D786C2300C5D03B /* AFNetworkReachabilityManager.m */; };
		207E198E1D786C2300C5D03B /* AFSecurityPolicy.m in Sources */ = {isa = PBXBuildFile; fileRef = 207E19851D786C2300C5D03B /* AFSecurityPolicy.m */; };
		207E198F1D786C2300C5D03B /* AFURLRequestSerialization.m in Sources */ = {isa = PBXBuildFile; fileRef = 207E19871D786C2300C5D03B /* AFURLRequestSerialization.m */; };
		207E19901D786C2300C5D03B /* AFURLResponseSerialization.m in Sources */ = {isa = PBXBuildFile; fileRef = 207E19891D786C2300C5D03B /* AFURLResponseSerialization.m */; };
		207E19911D786C2300C5D03B /* AFURLSessionManager.m in Sources */ = {isa = PBXBuildFile; fileRef = 207E198B1D786C2300C5D03B /* AFURLSessionManager.m */; };
/* End PBXBuildFile section */

/* Begin PBXFileReference section */
		207E19641D786BCB00C5D03B /* AF的使用注意点.app */ = {isa = PBXFileReference; explicitFileType = wrapper.application; includeInIndex = 0; path = "AF的使用注意点.app"; sourceTree = BUILT_PRODUCTS_DIR; };
		207E19681D786BCB00C5D03B /* main.m */ = {isa = PBXFileReference; lastKnownFileType = sourcecode.c.objc; path = main.m; sourceTree = "<group>"; };
		207E196A1D786BCB00C5D03B /* AppDelegate.h */ = {isa = PBXFileReference; lastKnownFileType = sourcecode.c.h; path = AppDelegate.h; sourceTree = "<group>"; };
		207E196B1D786BCB00C5D03B /* AppDelegate.m */ = {isa = PBXFileReference; lastKnownFileType = sourcecode.c.objc; path = AppDelegate.m; sourceTree = "<group>"; };
		207E196D1D786BCB00C5D03B /* ViewController.h */ = {isa = PBXFileReference; lastKnownFileType = sourcecode.c.h; path = ViewController.h; sourceTree = "<group>"; };
		207E196E1D786BCB00C5D03B /* ViewController.m */ = {isa = PBXFileReference; lastKnownFileType = sourcecode.c.objc; path = ViewController.m; sourceTree = "<group>"; };
		207E19711D786BCB00C5D03B /* Base */ = {isa = PBXFileReference; lastKnownFileType = file.storyboard; name = Base; path = Base.lproj/Main.storyboard; sourceTree = "<group>"; };
		207E19731D786BCB00C5D03B /* Assets.xcassets */ = {isa = PBXFileReference; lastKnownFileType = folder.assetcatalog; path = Assets.xcassets; sourceTree = "<group>"; };
		207E19761D786BCB00C5D03B /* Base */ = {isa = PBXFileReference; lastKnownFileType = file.storyboard; name = Base; path = Base.lproj/LaunchScreen.storyboard; sourceTree = "<group>"; };
		207E19781D786BCB00C5D03B /* Info.plist */ = {isa = PBXFileReference; lastKnownFileType = text.plist.xml; path = Info.plist; sourceTree = "<group>"; };
		207E197F1D786C2300C5D03B /* AFHTTPSessionManager.h */ = {isa = PBXFileReference; fileEncoding = 4; lastKnownFileType = sourcecode.c.h; path = AFHTTPSessionManager.h; sourceTree = "<group>"; };
		207E19801D786C2300C5D03B /* AFHTTPSessionManager.m */ = {isa = PBXFileReference; fileEncoding = 4; lastKnownFileType = sourcecode.c.objc; path = AFHTTPSessionManager.m; sourceTree = "<group>"; };
		207E19811D786C2300C5D03B /* AFNetworking.h */ = {isa = PBXFileReference; fileEncoding = 4; lastKnownFileType = sourcecode.c.h; path = AFNetworking.h; sourceTree = "<group>"; };
		207E19821D786C2300C5D03B /* AFNetworkReachabilityManager.h */ = {isa = PBXFileReference; fileEncoding = 4; lastKnownFileType = sourcecode.c.h; path = AFNetworkReachabilityManager.h; sourceTree = "<group>"; };
		207E19831D786C2300C5D03B /* AFNetworkReachabilityManager.m */ = {isa = PBXFileReference; fileEncoding = 4; lastKnownFileType = sourcecode.c.objc; path = AFNetworkReachabilityManager.m; sourceTree = "<group>"; };
		207E19841D786C2300C5D03B /* AFSecurityPolicy.h */ = {isa = PBXFileReference; fileEncoding = 4; lastKnownFileType = sourcecode.c.h; path = AFSecurityPolicy.h; sourceTree = "<group>"; };
		207E19851D786C2300C5D03B /* AFSecurityPolicy.m */ = {isa = PBXFileReference; fileEncoding = 4; lastKnownFileType = sourcecode.c.objc; path = AFSecurityPolicy.m; sourceTree = "<group>"; };
		207E19861D786C2300C5D03B /* AFURLRequestSerialization.h */ = {isa = PBXFileReference; fileEncoding = 4; lastKnownFileType = sourcecode.c.h; path = AFURLRequestSerialization.h; sourceTree = "<group>"; };
		207E19871D786C2300C5D03B /* AFURLRequestSerialization.m */ = {isa = PBXFileReference; fileEncoding = 4; lastKnownFileType = sourcecode.c.objc; path = AFURLRequestSerialization.m; sourceTree = "<group>"; };
		207E19881D786C2300C5D03B /* AFURLResponseSerialization.h */ = {isa = PBXFileReference; fileEncoding = 4; lastKnownFileType = sourcecode.c.h; path = AFURLResponseSerialization.h; sourceTree = "<group>"; };
		207E19891D786C2300C5D03B /* AFURLResponseSerialization.m */ = {isa = PBXFileReference; fileEncoding = 4; lastKnownFileType = sourcecode.c.objc; path = AFURLResponseSerialization.m; sourceTree = "<group>"; };
		207E198A1D786C2300C5D03B /* AFURLSessionManager.h */ = {isa = PBXFileReference; fileEncoding = 4; lastKnownFileType = sourcecode.c.h; path = AFURLSessionManager.h; sourceTree = "<group>"; };
		207E198B1D786C2300C5D03B /* AFURLSessionManager.m */ = {isa = PBXFileReference; fileEncoding = 4; lastKnownFileType = sourcecode.c.objc; path = AFURLSessionManager.m; sourceTree = "<group>"; };
/* End PBXFileReference section */

/* Begin PBXFrameworksBuildPhase section */
		207E19611D786BCB00C5D03B /* Frameworks */ = {
			isa = PBXFrameworksBuildPhase;
			buildActionMask = 2147483647;
			files = (
			);
			runOnlyForDeploymentPostprocessing = 0;
		};
/* End PBXFrameworksBuildPhase section */

/* Begin PBXGroup section */
		207E195B1D786BCB00C5D03B = {
			isa = PBXGroup;
			children = (
				207E19661D786BCB00C5D03B /* AF的使用注意点 */,
				207E19651D786BCB00C5D03B /* Products */,
			);
			sourceTree = "<group>";
		};
		207E19651D786BCB00C5D03B /* Products */ = {
			isa = PBXGroup;
			children = (
				207E19641D786BCB00C5D03B /* AF的使用注意点.app */,
			);
			name = Products;
			sourceTree = "<group>";
		};
		207E19661D786BCB00C5D03B /* AF的使用注意点 */ = {
			isa = PBXGroup;
			children = (
				207E197E1D786C2300C5D03B /* AFNetworking */,
				207E196A1D786BCB00C5D03B /* AppDelegate.h */,
				207E196B1D786BCB00C5D03B /* AppDelegate.m */,
				207E196D1D786BCB00C5D03B /* ViewController.h */,
				207E196E1D786BCB00C5D03B /* ViewController.m */,
				207E19701D786BCB00C5D03B /* Main.storyboard */,
				207E19731D786BCB00C5D03B /* Assets.xcassets */,
				207E19751D786BCB00C5D03B /* LaunchScreen.storyboard */,
				207E19781D786BCB00C5D03B /* Info.plist */,
				207E19671D786BCB00C5D03B /* Supporting Files */,
			);
			path = "AF的使用注意点";
			sourceTree = "<group>";
		};
		207E19671D786BCB00C5D03B /* Supporting Files */ = {
			isa = PBXGroup;
			children = (
				207E19681D786BCB00C5D03B /* main.m */,
			);
			name = "Supporting Files";
			sourceTree = "<group>";
		};
		207E197E1D786C2300C5D03B /* AFNetworking */ = {
			isa = PBXGroup;
			children = (
				207E197F1D786C2300C5D03B /* AFHTTPSessionManager.h */,
				207E19801D786C2300C5D03B /* AFHTTPSessionManager.m */,
				207E19811D786C2300C5D03B /* AFNetworking.h */,
				207E19821D786C2300C5D03B /* AFNetworkReachabilityManager.h */,
				207E19831D786C2300C5D03B /* AFNetworkReachabilityManager.m */,
				207E19841D786C2300C5D03B /* AFSecurityPolicy.h */,
				207E19851D786C2300C5D03B /* AFSecurityPolicy.m */,
				207E19861D786C2300C5D03B /* AFURLRequestSerialization.h */,
				207E19871D786C2300C5D03B /* AFURLRequestSerialization.m */,
				207E19881D786C2300C5D03B /* AFURLResponseSerialization.h */,
				207E19891D786C2300C5D03B /* AFURLResponseSerialization.m */,
				207E198A1D786C2300C5D03B /* AFURLSessionManager.h */,
				207E198B1D786C2300C5D03B /* AFURLSessionManager.m */,
			);
			path = AFNetworking;
			sourceTree = "<group>";
		};
/* End PBXGroup section */

/* Begin PBXNativeTarget section */
		207E19631D786BCB00C5D03B /* AF的使用注意点 */ = {
			isa = PBXNativeTarget;
			buildConfigurationList = 207E197B1D786BCB00C5D03B /* Build configuration list for PBXNativeTarget "AF的使用注意点" */;
			buildPhases = (
				207E19601D786BCB00C5D03B /* Sources */,
				207E19611D786BCB00C5D03B /* Frameworks */,
				207E19621D786BCB00C5D03B /* Resources */,
			);
			buildRules = (
			);
			dependencies = (
			);
			name = "AF的使用注意点";
			productName = "AF的使用注意点";
			productReference = 207E19641D786BCB00C5D03B /* AF的使用注意点.app */;
			productType = "com.apple.product-type.application";
		};
/* End PBXNativeTarget section */

/* Begin PBXProject section */
		207E195C1D786BCB00C5D03B /* Project object */ = {
			isa = PBXProject;
			attributes = {
				LastUpgradeCheck = 0730;
				ORGANIZATIONNAME = HM;
				TargetAttributes = {
					207E19631D786BCB00C5D03B = {
						CreatedOnToolsVersion = 7.3.1;
					};
				};
			};
			buildConfigurationList = 207E195F1D786BCB00C5D03B /* Build configuration list for PBXProject "AF的使用注意点" */;
			compatibilityVersion = "Xcode 3.2";
			developmentRegion = English;
			hasScannedForEncodings = 0;
			knownRegions = (
				en,
				Base,
			);
			mainGroup = 207E195B1D786BCB00C5D03B;
			productRefGroup = 207E19651D786BCB00C5D03B /* Products */;
			projectDirPath = "";
			projectRoot = "";
			targets = (
				207E19631D786BCB00C5D03B /* AF的使用注意点 */,
			);
		};
/* End PBXProject section */

/* Begin PBXResourcesBuildPhase section */
		207E19621D786BCB00C5D03B /* Resources */ = {
			isa = PBXResourcesBuildPhase;
			buildActionMask = 2147483647;
			files = (
				207E19771D786BCB00C5D03B /* LaunchScreen.storyboard in Resources */,
				207E19741D786BCB00C5D03B /* Assets.xcassets in Resources */,
				207E19721D786BCB00C5D03B /* Main.storyboard in Resources */,
			);
			runOnlyForDeploymentPostprocessing = 0;
		};
/* End PBXResourcesBuildPhase section */

/* Begin PBXSourcesBuildPhase section */
		207E19601D786BCB00C5D03B /* Sources */ = {
			isa = PBXSourcesBuildPhase;
			buildActionMask = 2147483647;
			files = (
				207E19911D786C2300C5D03B /* AFURLSessionManager.m in Sources */,
				207E196F1D786BCB00C5D03B /* ViewController.m in Sources */,
				207E196C1D786BCB00C5D03B /* AppDelegate.m in Sources */,
				207E198D1D786C2300C5D03B /* AFNetworkReachabilityManager.m in Sources */,
				207E19691D786BCB00C5D03B /* main.m in Sources */,
				207E198E1D786C2300C5D03B /* AFSecurityPolicy.m in Sources */,
				207E198F1D786C2300C5D03B /* AFURLRequestSerialization.m in Sources */,
				207E19901D786C2300C5D03B /* AFURLResponseSerialization.m in Sources */,
				207E198C1D786C2300C5D03B /* AFHTTPSessionManager.m in Sources */,
			);
			runOnlyForDeploymentPostprocessing = 0;
		};
/* End PBXSourcesBuildPhase section */

/* Begin PBXVariantGroup section */
		207E19701D786BCB00C5D03B /* Main.storyboard */ = {
			isa = PBXVariantGroup;
			children = (
				207E19711D786BCB00C5D03B /* Base */,
			);
			name = Main.storyboard;
			sourceTree = "<group>";
		};
		207E19751D786BCB00C5D03B /* LaunchScreen.storyboard */ = {
			isa = PBXVariantGroup;
			children = (
				207E19761D786BCB00C5D03B /* Base */,
			);
			name = LaunchScreen.storyboard;
			sourceTree = "<group>";
		};
/* End PBXVariantGroup section */

/* Begin XCBuildConfiguration section */
		207E19791D786BCB00C5D03B /* Debug */ = {
			isa = XCBuildConfiguration;
			buildSettings = {
				ALWAYS_SEARCH_USER_PATHS = NO;
				CLANG_ANALYZER_NONNULL = YES;
				CLANG_CXX_LANGUAGE_STANDARD = "gnu++0x";
				CLANG_CXX_LIBRARY = "libc++";
				CLANG_ENABLE_MODULES = YES;
				CLANG_ENABLE_OBJC_ARC = YES;
				CLANG_WARN_BOOL_CONVERSION = YES;
				CLANG_WARN_CONSTANT_CONVERSION = YES;
				CLANG_WARN_DIRECT_OBJC_ISA_USAGE = YES_ERROR;
				CLANG_WARN_EMPTY_BODY = YES;
				CLANG_WARN_ENUM_CONVERSION = YES;
				CLANG_WARN_INT_CONVERSION = YES;
				CLANG_WARN_OBJC_ROOT_CLASS = YES_ERROR;
				CLANG_WARN_UNREACHABLE_CODE = YES;
				CLANG_WARN__DUPLICATE_METHOD_MATCH = YES;
				"CODE_SIGN_IDENTITY[sdk=iphoneos*]" = "iPhone Developer";
				COPY_PHASE_STRIP = NO;
				DEBUG_INFORMATION_FORMAT = dwarf;
				ENABLE_STRICT_OBJC_MSGSEND = YES;
				ENABLE_TESTABILITY = YES;
				GCC_C_LANGUAGE_STANDARD = gnu99;
				GCC_DYNAMIC_NO_PIC = NO;
				GCC_NO_COMMON_BLOCKS = YES;
				GCC_OPTIMIZATION_LEVEL = 0;
				GCC_PREPROCESSOR_DEFINITIONS = (
					"DEBUG=1",
					"$(inherited)",
				);
				GCC_WARN_64_TO_32_BIT_CONVERSION = YES;
				GCC_WARN_ABOUT_RETURN_TYPE = YES_ERROR;
				GCC_WARN_UNDECLARED_SELECTOR = YES;
				GCC_WARN_UNINITIALIZED_AUTOS = YES_AGGRESSIVE;
				GCC_WARN_UNUSED_FUNCTION = YES;
				GCC_WARN_UNUSED_VARIABLE = YES;
				IPHONEOS_DEPLOYMENT_TARGET = 9.3;
				MTL_ENABLE_DEBUG_INFO = YES;
				ONLY_ACTIVE_ARCH = YES;
				SDKROOT = iphoneos;
			};
			name = Debug;
		};
		207E197A1D786BCB00C5D03B /* Release */ = {
			isa = XCBuildConfiguration;
			buildSettings = {
				ALWAYS_SEARCH_USER_PATHS = NO;
				CLANG_ANALYZER_NONNULL = YES;
				CLANG_CXX_LANGUAGE_STANDARD = "gnu++0x";
				CLANG_CXX_LIBRARY = "libc++";
				CLANG_ENABLE_MODULES = YES;
				CLANG_ENABLE_OBJC_ARC = YES;
				CLANG_WARN_BOOL_CONVERSION = YES;
				CLANG_WARN_CONSTANT_CONVERSION = YES;
				CLANG_WARN_DIRECT_OBJC_ISA_USAGE = YES_ERROR;
				CLANG_WARN_EMPTY_BODY = YES;
				CLANG_WARN_ENUM_CONVERSION = YES;
				CLANG_WARN_INT_CONVERSION = YES;
				CLANG_WARN_OBJC_ROOT_CLASS = YES_ERROR;
				CLANG_WARN_UNREACHABLE_CODE = YES;
				CLANG_WARN__DUPLICATE_METHOD_MATCH = YES;
				"CODE_SIGN_IDENTITY[sdk=iphoneos*]" = "iPhone Developer";
				COPY_PHASE_STRIP = NO;
				DEBUG_INFORMATION_FORMAT = "dwarf-with-dsym";
				ENABLE_NS_ASSERTIONS = NO;
				ENABLE_STRICT_OBJC_MSGSEND = YES;
				GCC_C_LANGUAGE_STANDARD = gnu99;
				GCC_NO_COMMON_BLOCKS = YES;
				GCC_WARN_64_TO_32_BIT_CONVERSION = YES;
				GCC_WARN_ABOUT_RETURN_TYPE = YES_ERROR;
				GCC_WARN_UNDECLARED_SELECTOR = YES;
				GCC_WARN_UNINITIALIZED_AUTOS = YES_AGGRESSIVE;
				GCC_WARN_UNUSED_FUNCTION = YES;
				GCC_WARN_UNUSED_VARIABLE = YES;
				IPHONEOS_DEPLOYMENT_TARGET = 9.3;
				MTL_ENABLE_DEBUG_INFO = NO;
				SDKROOT = iphoneos;
				VALIDATE_PRODUCT = YES;
			};
			name = Release;
		};
		207E197C1D786BCB00C5D03B /* Debug */ = {
			isa = XCBuildConfiguration;
			buildSettings = {
				ASSETCATALOG_COMPILER_APPICON_NAME = AppIcon;
				INFOPLIST_FILE = "AF的使用注意点/Info.plist";
				LD_RUNPATH_SEARCH_PATHS = "$(inherited) @executable_path/Frameworks";
				PRODUCT_BUNDLE_IDENTIFIER = "cn.itheima.AF------";
				PRODUCT_NAME = "$(TARGET_NAME)";
			};
			name = Debug;
		};
		207E197D1D786BCB00C5D03B /* Release */ = {
			isa = XCBuildConfiguration;
			buildSettings = {
				ASSETCATALOG_COMPILER_APPICON_NAME = AppIcon;
				INFOPLIST_FILE = "AF的使用注意点/Info.plist";
				LD_RUNPATH_SEARCH_PATHS = "$(inherited) @executable_path/Frameworks";
				PRODUCT_BUNDLE_IDENTIFIER = "cn.itheima.AF------";
				PRODUCT_NAME = "$(TARGET_NAME)";
			};
			name = Release;
		};
/* End XCBuildConfiguration section */

/* Begin XCConfigurationList section */
		207E195F1D786BCB00C5D03B /* Build configuration list for PBXProject "AF的使用注意点" */ = {
			isa = XCConfigurationList;
			buildConfigurations = (
				207E19791D786BCB00C5D03B /* Debug */,
				207E197A1D786BCB00C5D03B /* Release */,
			);
			defaultConfigurationIsVisible = 0;
			defaultConfigurationName = Release;
		};
		207E197B1D786BCB00C5D03B /* Build configuration list for PBXNativeTarget "AF的使用注意点" */ = {
			isa = XCConfigurationList;
			buildConfigurations = (
				207E197C1D786BCB00C5D03B /* Debug */,
				207E197D1D786BCB00C5D03B /* Release */,
			);
			defaultConfigurationIsVisible = 0;
		};
/* End XCConfigurationList section */
	};
	rootObject = 207E195C1D786BCB00C5D03B /* Project object */;
}
