// !$*UTF8*$!
{
	archiveVersion = 1;
	classes = {
	};
	objectVersion = 46;
	objects = {

/* Begin PBXBuildFile section */
		207E19A01D78762100C5D03B /* main.m in Sources */ = {isa = PBXBuildFile; fileRef = 207E199F1D78762100C5D03B /* main.m */; };
		207E19A31D78762100C5D03B /* AppDelegate.m in Sources */ = {isa = PBXBuildFile; fileRef = 207E19A21D78762100C5D03B /* AppDelegate.m */; };
		207E19A91D78762100C5D03B /* Main.storyboard in Resources */ = {isa = PBXBuildFile; fileRef = 207E19A71D78762100C5D03B /* Main.storyboard */; };
		207E19AB1D78762100C5D03B /* Assets.xcassets in Resources */ = {isa = PBXBuildFile; fileRef = 207E19AA1D78762100C5D03B /* Assets.xcassets */; };
		207E19AE1D78762100C5D03B /* LaunchScreen.storyboard in Resources */ = {isa = PBXBuildFile; fileRef = 207E19AC1D78762100C5D03B /* LaunchScreen.storyboard */; };
		207E19BE1D787A2000C5D03B /* HomeViewController.m in Sources */ = {isa = PBXBuildFile; fileRef = 207E19BB1D787A2000C5D03B /* HomeViewController.m */; };
/* End PBXBuildFile section */

/* Begin PBXFileReference section */
		207E199B1D78762100C5D03B /* easyNetNews.app */ = {isa = PBXFileReference; explicitFileType = wrapper.application; includeInIndex = 0; path = easyNetNews.app; sourceTree = BUILT_PRODUCTS_DIR; };
		207E199F1D78762100C5D03B /* main.m */ = {isa = PBXFileReference; lastKnownFileType = sourcecode.c.objc; path = main.m; sourceTree = "<group>"; };
		207E19A11D78762100C5D03B /* AppDelegate.h */ = {isa = PBXFileReference; lastKnownFileType = sourcecode.c.h; path = AppDelegate.h; sourceTree = "<group>"; };
		207E19A21D78762100C5D03B /* AppDelegate.m */ = {isa = PBXFileReference; lastKnownFileType = sourcecode.c.objc; path = AppDelegate.m; sourceTree = "<group>"; };
		207E19A81D78762100C5D03B /* Base */ = {isa = PBXFileReference; lastKnownFileType = file.storyboard; name = Base; path = Base.lproj/Main.storyboard; sourceTree = "<group>"; };
		207E19AA1D78762100C5D03B /* Assets.xcassets */ = {isa = PBXFileReference; lastKnownFileType = folder.assetcatalog; path = Assets.xcassets; sourceTree = "<group>"; };
		207E19AD1D78762100C5D03B /* Base */ = {isa = PBXFileReference; lastKnownFileType = file.storyboard; name = Base; path = Base.lproj/LaunchScreen.storyboard; sourceTree = "<group>"; };
		207E19AF1D78762100C5D03B /* Info.plist */ = {isa = PBXFileReference; lastKnownFileType = text.plist.xml; path = Info.plist; sourceTree = "<group>"; };
		207E19BA1D787A2000C5D03B /* HomeViewController.h */ = {isa = PBXFileReference; fileEncoding = 4; lastKnownFileType = sourcecode.c.h; path = HomeViewController.h; sourceTree = "<group>"; };
		207E19BB1D787A2000C5D03B /* HomeViewController.m */ = {isa = PBXFileReference; fileEncoding = 4; lastKnownFileType = sourcecode.c.objc; path = HomeViewController.m; sourceTree = "<group>"; };
/* End PBXFileReference section */

/* Begin PBXFrameworksBuildPhase section */
		207E19981D78762100C5D03B /* Frameworks */ = {
			isa = PBXFrameworksBuildPhase;
			buildActionMask = 2147483647;
			files = (
			);
			runOnlyForDeploymentPostprocessing = 0;
		};
/* End PBXFrameworksBuildPhase section */

/* Begin PBXGroup section */
		207E19921D78762100C5D03B = {
			isa = PBXGroup;
			children = (
				207E199D1D78762100C5D03B /* easyNetNews */,
				207E199C1D78762100C5D03B /* Products */,
			);
			sourceTree = "<group>";
		};
		207E199C1D78762100C5D03B /* Products */ = {
			isa = PBXGroup;
			children = (
				207E199B1D78762100C5D03B /* easyNetNews.app */,
			);
			name = Products;
			sourceTree = "<group>";
		};
		207E199D1D78762100C5D03B /* easyNetNews */ = {
			isa = PBXGroup;
			children = (
				207E19B81D787A2000C5D03B /* Home */,
				207E199E1D78762100C5D03B /* Supporting Files */,
			);
			path = easyNetNews;
			sourceTree = "<group>";
		};
		207E199E1D78762100C5D03B /* Supporting Files */ = {
			isa = PBXGroup;
			children = (
				207E19AA1D78762100C5D03B /* Assets.xcassets */,
				207E19AC1D78762100C5D03B /* LaunchScreen.storyboard */,
				207E19AF1D78762100C5D03B /* Info.plist */,
				207E19A11D78762100C5D03B /* AppDelegate.h */,
				207E19A21D78762100C5D03B /* AppDelegate.m */,
				207E199F1D78762100C5D03B /* main.m */,
			);
			name = "Supporting Files";
			sourceTree = "<group>";
		};
		207E19B81D787A2000C5D03B /* Home */ = {
			isa = PBXGroup;
			children = (
				207E19B91D787A2000C5D03B /* controllers */,
				207E19BC1D787A2000C5D03B /* model */,
				207E19BD1D787A2000C5D03B /* view */,
			);
			path = Home;
			sourceTree = "<group>";
		};
		207E19B91D787A2000C5D03B /* controllers */ = {
			isa = PBXGroup;
			children = (
				207E19BA1D787A2000C5D03B /* HomeViewController.h */,
				207E19BB1D787A2000C5D03B /* HomeViewController.m */,
			);
			path = controllers;
			sourceTree = "<group>";
		};
		207E19BC1D787A2000C5D03B /* model */ = {
			isa = PBXGroup;
			children = (
			);
			path = model;
			sourceTree = "<group>";
		};
		207E19BD1D787A2000C5D03B /* view */ = {
			isa = PBXGroup;
			children = (
				207E19A71D78762100C5D03B /* Main.storyboard */,
			);
			path = view;
			sourceTree = "<group>";
		};
/* End PBXGroup section */

/* Begin PBXNativeTarget section */
		207E199A1D78762100C5D03B /* easyNetNews */ = {
			isa = PBXNativeTarget;
			buildConfigurationList = 207E19B21D78762100C5D03B /* Build configuration list for PBXNativeTarget "easyNetNews" */;
			buildPhases = (
				207E19971D78762100C5D03B /* Sources */,
				207E19981D78762100C5D03B /* Frameworks */,
				207E19991D78762100C5D03B /* Resources */,
			);
			buildRules = (
			);
			dependencies = (
			);
			name = easyNetNews;
			productName = easyNetNews;
			productReference = 207E199B1D78762100C5D03B /* easyNetNews.app */;
			productType = "com.apple.product-type.application";
		};
/* End PBXNativeTarget section */

/* Begin PBXProject section */
		207E19931D78762100C5D03B /* Project object */ = {
			isa = PBXProject;
			attributes = {
				LastUpgradeCheck = 0730;
				ORGANIZATIONNAME = HM;
				TargetAttributes = {
					207E199A1D78762100C5D03B = {
						CreatedOnToolsVersion = 7.3.1;
					};
				};
			};
			buildConfigurationList = 207E19961D78762100C5D03B /* Build configuration list for PBXProject "easyNetNews" */;
			compatibilityVersion = "Xcode 3.2";
			developmentRegion = English;
			hasScannedForEncodings = 0;
			knownRegions = (
				en,
				Base,
			);
			mainGroup = 207E19921D78762100C5D03B;
			productRefGroup = 207E199C1D78762100C5D03B /* Products */;
			projectDirPath = "";
			projectRoot = "";
			targets = (
				207E199A1D78762100C5D03B /* easyNetNews */,
			);
		};
/* End PBXProject section */

/* Begin PBXResourcesBuildPhase section */
		207E19991D78762100C5D03B /* Resources */ = {
			isa = PBXResourcesBuildPhase;
			buildActionMask = 2147483647;
			files = (
				207E19AE1D78762100C5D03B /* LaunchScreen.storyboard in Resources */,
				207E19AB1D78762100C5D03B /* Assets.xcassets in Resources */,
				207E19A91D78762100C5D03B /* Main.storyboard in Resources */,
			);
			runOnlyForDeploymentPostprocessing = 0;
		};
/* End PBXResourcesBuildPhase section */

/* Begin PBXSourcesBuildPhase section */
		207E19971D78762100C5D03B /* Sources */ = {
			isa = PBXSourcesBuildPhase;
			buildActionMask = 2147483647;
			files = (
				207E19A31D78762100C5D03B /* AppDelegate.m in Sources */,
				207E19A01D78762100C5D03B /* main.m in Sources */,
				207E19BE1D787A2000C5D03B /* HomeViewController.m in Sources */,
			);
			runOnlyForDeploymentPostprocessing = 0;
		};
/* End PBXSourcesBuildPhase section */

/* Begin PBXVariantGroup section */
		207E19A71D78762100C5D03B /* Main.storyboard */ = {
			isa = PBXVariantGroup;
			children = (
				207E19A81D78762100C5D03B /* Base */,
			);
			name = Main.storyboard;
			path = ../..;
			sourceTree = "<group>";
		};
		207E19AC1D78762100C5D03B /* LaunchScreen.storyboard */ = {
			isa = PBXVariantGroup;
			children = (
				207E19AD1D78762100C5D03B /* Base */,
			);
			name = LaunchScreen.storyboard;
			sourceTree = "<group>";
		};
/* End PBXVariantGroup section */

/* Begin XCBuildConfiguration section */
		207E19B01D78762100C5D03B /* Debug */ = {
			isa = XCBuildConfiguration;
			buildSettings = {
				ALWAYS_SEARCH_USER_PATHS = NO;
				CLANG_ANALYZER_NONNULL = YES;
				CLANG_CXX_LANGUAGE_STANDARD = "gnu++0x";
				CLANG_CXX_LIBRARY = "libc++";
				CLANG_ENABLE_MODULES = YES;
				CLANG_ENABLE_OBJC_ARC = YES;
				CLANG_WARN_BOOL_CONVERSION = YES;
				CLANG_WARN_CONSTANT_CONVERSION = YES;
				CLANG_WARN_DIRECT_OBJC_ISA_USAGE = YES_ERROR;
				CLANG_WARN_EMPTY_BODY = YES;
				CLANG_WARN_ENUM_CONVERSION = YES;
				CLANG_WARN_INT_CONVERSION = YES;
				CLANG_WARN_OBJC_ROOT_CLASS = YES_ERROR;
				CLANG_WARN_UNREACHABLE_CODE = YES;
				CLANG_WARN__DUPLICATE_METHOD_MATCH = YES;
				"CODE_SIGN_IDENTITY[sdk=iphoneos*]" = "iPhone Developer";
				COPY_PHASE_STRIP = NO;
				DEBUG_INFORMATION_FORMAT = dwarf;
				ENABLE_STRICT_OBJC_MSGSEND = YES;
				ENABLE_TESTABILITY = YES;
				GCC_C_LANGUAGE_STANDARD = gnu99;
				GCC_DYNAMIC_NO_PIC = NO;
				GCC_NO_COMMON_BLOCKS = YES;
				GCC_OPTIMIZATION_LEVEL = 0;
				GCC_PREPROCESSOR_DEFINITIONS = (
					"DEBUG=1",
					"$(inherited)",
				);
				GCC_WARN_64_TO_32_BIT_CONVERSION = YES;
				GCC_WARN_ABOUT_RETURN_TYPE = YES_ERROR;
				GCC_WARN_UNDECLARED_SELECTOR = YES;
				GCC_WARN_UNINITIALIZED_AUTOS = YES_AGGRESSIVE;
				GCC_WARN_UNUSED_FUNCTION = YES;
				GCC_WARN_UNUSED_VARIABLE = YES;
				IPHONEOS_DEPLOYMENT_TARGET = 9.3;
				MTL_ENABLE_DEBUG_INFO = YES;
				ONLY_ACTIVE_ARCH = YES;
				SDKROOT = iphoneos;
			};
			name = Debug;
		};
		207E19B11D78762100C5D03B /* Release */ = {
			isa = XCBuildConfiguration;
			buildSettings = {
				ALWAYS_SEARCH_USER_PATHS = NO;
				CLANG_ANALYZER_NONNULL = YES;
				CLANG_CXX_LANGUAGE_STANDARD = "gnu++0x";
				CLANG_CXX_LIBRARY = "libc++";
				CLANG_ENABLE_MODULES = YES;
				CLANG_ENABLE_OBJC_ARC = YES;
				CLANG_WARN_BOOL_CONVERSION = YES;
				CLANG_WARN_CONSTANT_CONVERSION = YES;
				CLANG_WARN_DIRECT_OBJC_ISA_USAGE = YES_ERROR;
				CLANG_WARN_EMPTY_BODY = YES;
				CLANG_WARN_ENUM_CONVERSION = YES;
				CLANG_WARN_INT_CONVERSION = YES;
				CLANG_WARN_OBJC_ROOT_CLASS = YES_ERROR;
				CLANG_WARN_UNREACHABLE_CODE = YES;
				CLANG_WARN__DUPLICATE_METHOD_MATCH = YES;
				"CODE_SIGN_IDENTITY[sdk=iphoneos*]" = "iPhone Developer";
				COPY_PHASE_STRIP = NO;
				DEBUG_INFORMATION_FORMAT = "dwarf-with-dsym";
				ENABLE_NS_ASSERTIONS = NO;
				ENABLE_STRICT_OBJC_MSGSEND = YES;
				GCC_C_LANGUAGE_STANDARD = gnu99;
				GCC_NO_COMMON_BLOCKS = YES;
				GCC_WARN_64_TO_32_BIT_CONVERSION = YES;
				GCC_WARN_ABOUT_RETURN_TYPE = YES_ERROR;
				GCC_WARN_UNDECLARED_SELECTOR = YES;
				GCC_WARN_UNINITIALIZED_AUTOS = YES_AGGRESSIVE;
				GCC_WARN_UNUSED_FUNCTION = YES;
				GCC_WARN_UNUSED_VARIABLE = YES;
				IPHONEOS_DEPLOYMENT_TARGET = 9.3;
				MTL_ENABLE_DEBUG_INFO = NO;
				SDKROOT = iphoneos;
				VALIDATE_PRODUCT = YES;
			};
			name = Release;
		};
		207E19B31D78762100C5D03B /* Debug */ = {
			isa = XCBuildConfiguration;
			buildSettings = {
				ASSETCATALOG_COMPILER_APPICON_NAME = AppIcon;
				ASSETCATALOG_COMPILER_LAUNCHIMAGE_NAME = "Brand Assets";
				INFOPLIST_FILE = easyNetNews/Info.plist;
				LD_RUNPATH_SEARCH_PATHS = "$(inherited) @executable_path/Frameworks";
				PRODUCT_BUNDLE_IDENTIFIER = cn.itheima.easyNetNews;
				PRODUCT_NAME = "$(TARGET_NAME)";
			};
			name = Debug;
		};
		207E19B41D78762100C5D03B /* Release */ = {
			isa = XCBuildConfiguration;
			buildSettings = {
				ASSETCATALOG_COMPILER_APPICON_NAME = AppIcon;
				ASSETCATALOG_COMPILER_LAUNCHIMAGE_NAME = "Brand Assets";
				INFOPLIST_FILE = easyNetNews/Info.plist;
				LD_RUNPATH_SEARCH_PATHS = "$(inherited) @executable_path/Frameworks";
				PRODUCT_BUNDLE_IDENTIFIER = cn.itheima.easyNetNews;
				PRODUCT_NAME = "$(TARGET_NAME)";
			};
			name = Release;
		};
/* End XCBuildConfiguration section */

/* Begin XCConfigurationList section */
		207E19961D78762100C5D03B /* Build configuration list for PBXProject "easyNetNews" */ = {
			isa = XCConfigurationList;
			buildConfigurations = (
				207E19B01D78762100C5D03B /* Debug */,
				207E19B11D78762100C5D03B /* Release */,
			);
			defaultConfigurationIsVisible = 0;
			defaultConfigurationName = Release;
		};
		207E19B21D78762100C5D03B /* Build configuration list for PBXNativeTarget "easyNetNews" */ = {
			isa = XCConfigurationList;
			buildConfigurations = (
				207E19B31D78762100C5D03B /* Debug */,
				207E19B41D78762100C5D03B /* Release */,
			);
			defaultConfigurationIsVisible = 0;
		};
/* End XCConfigurationList section */
	};
	rootObject = 207E19931D78762100C5D03B /* Project object */;
}
